// !$*UTF8*$!
{
	archiveVersion = 1;
	classes = {
	};
	objectVersion = 48;
	objects = {

/* Begin PBXBuildFile section */
		73015244F85B694F7FDC51FB /* libPods-mvvm-test-1.a in Frameworks */ = {isa = PBXBuildFile; fileRef = E52B60E5D1124D432D9C03D0 /* libPods-mvvm-test-1.a */; };
		745941AC240941A000919B1D /* TMDBSearchResponse.swift in Sources */ = {isa = PBXBuildFile; fileRef = 745941AB2409419F00919B1D /* TMDBSearchResponse.swift */; };
		745941AE240941F000919B1D /* SWAPIResponse.swift in Sources */ = {isa = PBXBuildFile; fileRef = 745941AD240941F000919B1D /* SWAPIResponse.swift */; };
		745941B12409677400919B1D /* FilmCacheInteractor.swift in Sources */ = {isa = PBXBuildFile; fileRef = 745941B02409677400919B1D /* FilmCacheInteractor.swift */; };
		7475C4CF2025F4E20073AED7 /* UIView+Animations.swift in Sources */ = {isa = PBXBuildFile; fileRef = 7475C4CE2025F4E20073AED7 /* UIView+Animations.swift */; };
		7475C4D1202608000073AED7 /* Film.swift in Sources */ = {isa = PBXBuildFile; fileRef = 7475C4D0202608000073AED7 /* Film.swift */; };
		7497434F2020B1160046DB63 /* AppDelegate.swift in Sources */ = {isa = PBXBuildFile; fileRef = 7497434E2020B1160046DB63 /* AppDelegate.swift */; };
		749743512020B1160046DB63 /* SplashScreenViewController.swift in Sources */ = {isa = PBXBuildFile; fileRef = 749743502020B1160046DB63 /* SplashScreenViewController.swift */; };
		749743542020B1160046DB63 /* Main.storyboard in Resources */ = {isa = PBXBuildFile; fileRef = 749743522020B1160046DB63 /* Main.storyboard */; };
		749743562020B1160046DB63 /* Assets.xcassets in Resources */ = {isa = PBXBuildFile; fileRef = 749743552020B1160046DB63 /* Assets.xcassets */; };
		749743592020B1160046DB63 /* LaunchScreen.storyboard in Resources */ = {isa = PBXBuildFile; fileRef = 749743572020B1160046DB63 /* LaunchScreen.storyboard */; };
		74974364202101510046DB63 /* SWAPIClient.swift in Sources */ = {isa = PBXBuildFile; fileRef = 74974363202101510046DB63 /* SWAPIClient.swift */; };
		749F8274240FB5C500ADD0CA /* SplashScreenViewController+TestingExtensions.swift in Sources */ = {isa = PBXBuildFile; fileRef = 749F8273240FB5C500ADD0CA /* SplashScreenViewController+TestingExtensions.swift */; };
		749F827624122F4000ADD0CA /* FilmListViewModelTests.swift in Sources */ = {isa = PBXBuildFile; fileRef = 749F827524122F4000ADD0CA /* FilmListViewModelTests.swift */; };
		749F827824123B4500ADD0CA /* FilmMocks.swift in Sources */ = {isa = PBXBuildFile; fileRef = 749F827724123B4500ADD0CA /* FilmMocks.swift */; };
		749F827C2412491000ADD0CA /* FilmDetailViewModelTests.swift in Sources */ = {isa = PBXBuildFile; fileRef = 749F827B2412491000ADD0CA /* FilmDetailViewModelTests.swift */; };
		749F828024125F6900ADD0CA /* FilmCellTests.swift in Sources */ = {isa = PBXBuildFile; fileRef = 749F827F24125F6900ADD0CA /* FilmCellTests.swift */; };
		749F8289241275BE00ADD0CA /* (null) in Embed Frameworks */ = {isa = PBXBuildFile; settings = {ATTRIBUTES = (CodeSignOnCopy, RemoveHeadersOnCopy, ); }; };
		74C26A66202A650D000DEF7E /* FilmListViewModel.swift in Sources */ = {isa = PBXBuildFile; fileRef = 74C26A65202A650D000DEF7E /* FilmListViewModel.swift */; };
		74C26A6D202B5778000DEF7E /* FilmDetailViewModel.swift in Sources */ = {isa = PBXBuildFile; fileRef = 74C26A6C202B5778000DEF7E /* FilmDetailViewModel.swift */; };
		74C26A6F202B57F1000DEF7E /* FilmService.swift in Sources */ = {isa = PBXBuildFile; fileRef = 74C26A6E202B57F1000DEF7E /* FilmService.swift */; };
		74C26A73202C4872000DEF7E /* FilmCell.swift in Sources */ = {isa = PBXBuildFile; fileRef = 74C26A72202C4872000DEF7E /* FilmCell.swift */; };
		74D30282240CCC33003D8AAA /* FilmMapperTests.swift in Sources */ = {isa = PBXBuildFile; fileRef = 74D30281240CCC33003D8AAA /* FilmMapperTests.swift */; };
		74D302B8240D661D003D8AAA /* SWAPIFilmsResponse.json in Resources */ = {isa = PBXBuildFile; fileRef = 74D302B7240D661D003D8AAA /* SWAPIFilmsResponse.json */; };
		74D302BA240D89D1003D8AAA /* people-1.json in Resources */ = {isa = PBXBuildFile; fileRef = 74D302B9240D89D1003D8AAA /* people-1.json */; };
		74D302BE240D8A60003D8AAA /* people-2.json in Resources */ = {isa = PBXBuildFile; fileRef = 74D302BD240D8A60003D8AAA /* people-2.json */; };
		74D302C0240D8A96003D8AAA /* people-3.json in Resources */ = {isa = PBXBuildFile; fileRef = 74D302BF240D8A96003D8AAA /* people-3.json */; };
		74D302C2240D8AC0003D8AAA /* people-4.json in Resources */ = {isa = PBXBuildFile; fileRef = 74D302C1240D8AC0003D8AAA /* people-4.json */; };
		74D302C4240D8AE3003D8AAA /* people-5.json in Resources */ = {isa = PBXBuildFile; fileRef = 74D302C3240D8AE3003D8AAA /* people-5.json */; };
		74D302C6240D8B1E003D8AAA /* people-6.json in Resources */ = {isa = PBXBuildFile; fileRef = 74D302C5240D8B1E003D8AAA /* people-6.json */; };
		74D302C8240D8B3C003D8AAA /* people-7.json in Resources */ = {isa = PBXBuildFile; fileRef = 74D302C7240D8B3C003D8AAA /* people-7.json */; };
		74D302CA240D8B69003D8AAA /* people-8.json in Resources */ = {isa = PBXBuildFile; fileRef = 74D302C9240D8B69003D8AAA /* people-8.json */; };
		74D302CC240D8B94003D8AAA /* people-9.json in Resources */ = {isa = PBXBuildFile; fileRef = 74D302CB240D8B94003D8AAA /* people-9.json */; };
		74D302CE240D8BB7003D8AAA /* people-10.json in Resources */ = {isa = PBXBuildFile; fileRef = 74D302CD240D8BB7003D8AAA /* people-10.json */; };
		74D302D1240E3E29003D8AAA /* The Empire Strikes Back.json in Resources */ = {isa = PBXBuildFile; fileRef = 74D302D0240E3E29003D8AAA /* The Empire Strikes Back.json */; };
		74D302D3240E3E6B003D8AAA /* A New Hope.json in Resources */ = {isa = PBXBuildFile; fileRef = 74D302D2240E3E6B003D8AAA /* A New Hope.json */; };
		74D302D5240E3E8E003D8AAA /* Return of the Jedi.json in Resources */ = {isa = PBXBuildFile; fileRef = 74D302D4240E3E8E003D8AAA /* Return of the Jedi.json */; };
		74D302D7240E3EBC003D8AAA /* Attack of the Clones.json in Resources */ = {isa = PBXBuildFile; fileRef = 74D302D6240E3EBC003D8AAA /* Attack of the Clones.json */; };
		74D302D9240E3ED9003D8AAA /* The Phantom Menace.json in Resources */ = {isa = PBXBuildFile; fileRef = 74D302D8240E3ED9003D8AAA /* The Phantom Menace.json */; };
		74D302DB240E3F0E003D8AAA /* Revenge of the Sith.json in Resources */ = {isa = PBXBuildFile; fileRef = 74D302DA240E3F0E003D8AAA /* Revenge of the Sith.json */; };
		74D302DD240E3F3A003D8AAA /* The Force Awakens.json in Resources */ = {isa = PBXBuildFile; fileRef = 74D302DC240E3F3A003D8AAA /* The Force Awakens.json */; };
		74D302E1240E5702003D8AAA /* URLSessionMocks.swift in Sources */ = {isa = PBXBuildFile; fileRef = 74D302E0240E5702003D8AAA /* URLSessionMocks.swift */; };
		74D302E3240E5804003D8AAA /* String+TestingExtensions.swift in Sources */ = {isa = PBXBuildFile; fileRef = 74D302E2240E5804003D8AAA /* String+TestingExtensions.swift */; };
		74D302E5240E5846003D8AAA /* MockHelpers.swift in Sources */ = {isa = PBXBuildFile; fileRef = 74D302E4240E5846003D8AAA /* MockHelpers.swift */; };
		74D302E8240FACD4003D8AAA /* FilmMapperTestingImplementation.swift in Sources */ = {isa = PBXBuildFile; fileRef = 74D302E7240FACD3003D8AAA /* FilmMapperTestingImplementation.swift */; };
		74D302EA240FAD25003D8AAA /* FilmCacheInteractorTestingImplementation.swift in Sources */ = {isa = PBXBuildFile; fileRef = 74D302E9240FAD25003D8AAA /* FilmCacheInteractorTestingImplementation.swift */; };
		74E0E3162029C297001E7CF9 /* FilmListViewController.swift in Sources */ = {isa = PBXBuildFile; fileRef = 74E0E3152029C297001E7CF9 /* FilmListViewController.swift */; };
		74E0E3182029C308001E7CF9 /* FilmDetailViewController.swift in Sources */ = {isa = PBXBuildFile; fileRef = 74E0E3172029C308001E7CF9 /* FilmDetailViewController.swift */; };
		7B341BA6DAB1269FA7A7BC9F /* libPods-mvvm-test-1-UnitTests.a in Frameworks */ = {isa = PBXBuildFile; fileRef = 0E0C7E092DE476F8FE8BC664 /* libPods-mvvm-test-1-UnitTests.a */; };
/* End PBXBuildFile section */

/* Begin PBXContainerItemProxy section */
		74D30284240CCC33003D8AAA /* PBXContainerItemProxy */ = {
			isa = PBXContainerItemProxy;
			containerPortal = 749743432020B1160046DB63 /* Project object */;
			proxyType = 1;
			remoteGlobalIDString = 7497434A2020B1160046DB63;
			remoteInfo = "mvvm-test-1";
		};
/* End PBXContainerItemProxy section */

/* Begin PBXCopyFilesBuildPhase section */
		749F828A241275BE00ADD0CA /* Embed Frameworks */ = {
			isa = PBXCopyFilesBuildPhase;
			buildActionMask = 2147483647;
			dstPath = "";
			dstSubfolderSpec = 10;
			files = (
				749F8289241275BE00ADD0CA /* (null) in Embed Frameworks */,
			);
			name = "Embed Frameworks";
			runOnlyForDeploymentPostprocessing = 0;
		};
/* End PBXCopyFilesBuildPhase section */

/* Begin PBXFileReference section */
		0E0C7E092DE476F8FE8BC664 /* libPods-mvvm-test-1-UnitTests.a */ = {isa = PBXFileReference; explicitFileType = archive.ar; includeInIndex = 0; path = "libPods-mvvm-test-1-UnitTests.a"; sourceTree = BUILT_PRODUCTS_DIR; };
		106152E48A450C1984DF4125 /* Pods-mvvm-test-1-UnitTests.debug.xcconfig */ = {isa = PBXFileReference; includeInIndex = 1; lastKnownFileType = text.xcconfig; name = "Pods-mvvm-test-1-UnitTests.debug.xcconfig"; path = "Target Support Files/Pods-mvvm-test-1-UnitTests/Pods-mvvm-test-1-UnitTests.debug.xcconfig"; sourceTree = "<group>"; };
		745941AB2409419F00919B1D /* TMDBSearchResponse.swift */ = {isa = PBXFileReference; lastKnownFileType = sourcecode.swift; path = TMDBSearchResponse.swift; sourceTree = "<group>"; };
		745941AD240941F000919B1D /* SWAPIResponse.swift */ = {isa = PBXFileReference; lastKnownFileType = sourcecode.swift; path = SWAPIResponse.swift; sourceTree = "<group>"; };
		745941B02409677400919B1D /* FilmCacheInteractor.swift */ = {isa = PBXFileReference; lastKnownFileType = sourcecode.swift; path = FilmCacheInteractor.swift; sourceTree = "<group>"; };
		7475C4CE2025F4E20073AED7 /* UIView+Animations.swift */ = {isa = PBXFileReference; lastKnownFileType = sourcecode.swift; path = "UIView+Animations.swift"; sourceTree = "<group>"; };
		7475C4D0202608000073AED7 /* Film.swift */ = {isa = PBXFileReference; lastKnownFileType = sourcecode.swift; path = Film.swift; sourceTree = "<group>"; };
		7497434B2020B1160046DB63 /* mvvm-test-1.app */ = {isa = PBXFileReference; explicitFileType = wrapper.application; includeInIndex = 0; path = "mvvm-test-1.app"; sourceTree = BUILT_PRODUCTS_DIR; };
		7497434E2020B1160046DB63 /* AppDelegate.swift */ = {isa = PBXFileReference; lastKnownFileType = sourcecode.swift; path = AppDelegate.swift; sourceTree = "<group>"; };
		749743502020B1160046DB63 /* SplashScreenViewController.swift */ = {isa = PBXFileReference; lastKnownFileType = sourcecode.swift; path = SplashScreenViewController.swift; sourceTree = "<group>"; };
		749743532020B1160046DB63 /* Base */ = {isa = PBXFileReference; lastKnownFileType = file.storyboard; name = Base; path = Base.lproj/Main.storyboard; sourceTree = "<group>"; };
		749743552020B1160046DB63 /* Assets.xcassets */ = {isa = PBXFileReference; lastKnownFileType = folder.assetcatalog; path = Assets.xcassets; sourceTree = "<group>"; };
		749743582020B1160046DB63 /* Base */ = {isa = PBXFileReference; lastKnownFileType = file.storyboard; name = Base; path = Base.lproj/LaunchScreen.storyboard; sourceTree = "<group>"; };
		7497435A2020B1160046DB63 /* Info.plist */ = {isa = PBXFileReference; lastKnownFileType = text.plist.xml; path = Info.plist; sourceTree = "<group>"; };
		74974363202101510046DB63 /* SWAPIClient.swift */ = {isa = PBXFileReference; lastKnownFileType = sourcecode.swift; path = SWAPIClient.swift; sourceTree = "<group>"; };
		749F8273240FB5C500ADD0CA /* SplashScreenViewController+TestingExtensions.swift */ = {isa = PBXFileReference; lastKnownFileType = sourcecode.swift; path = "SplashScreenViewController+TestingExtensions.swift"; sourceTree = "<group>"; };
		749F827524122F4000ADD0CA /* FilmListViewModelTests.swift */ = {isa = PBXFileReference; lastKnownFileType = sourcecode.swift; path = FilmListViewModelTests.swift; sourceTree = "<group>"; };
		749F827724123B4500ADD0CA /* FilmMocks.swift */ = {isa = PBXFileReference; lastKnownFileType = sourcecode.swift; path = FilmMocks.swift; sourceTree = "<group>"; };
		749F827B2412491000ADD0CA /* FilmDetailViewModelTests.swift */ = {isa = PBXFileReference; lastKnownFileType = sourcecode.swift; path = FilmDetailViewModelTests.swift; sourceTree = "<group>"; };
		749F827F24125F6900ADD0CA /* FilmCellTests.swift */ = {isa = PBXFileReference; lastKnownFileType = sourcecode.swift; path = FilmCellTests.swift; sourceTree = "<group>"; };
		749F8281241273E600ADD0CA /* Cosmos.framework */ = {isa = PBXFileReference; explicitFileType = wrapper.framework; path = Cosmos.framework; sourceTree = BUILT_PRODUCTS_DIR; };
		74C26A65202A650D000DEF7E /* FilmListViewModel.swift */ = {isa = PBXFileReference; lastKnownFileType = sourcecode.swift; path = FilmListViewModel.swift; sourceTree = "<group>"; };
		74C26A6C202B5778000DEF7E /* FilmDetailViewModel.swift */ = {isa = PBXFileReference; lastKnownFileType = sourcecode.swift; path = FilmDetailViewModel.swift; sourceTree = "<group>"; };
		74C26A6E202B57F1000DEF7E /* FilmService.swift */ = {isa = PBXFileReference; lastKnownFileType = sourcecode.swift; path = FilmService.swift; sourceTree = "<group>"; };
		74C26A72202C4872000DEF7E /* FilmCell.swift */ = {isa = PBXFileReference; lastKnownFileType = sourcecode.swift; path = FilmCell.swift; sourceTree = "<group>"; };
		74D3027F240CCC32003D8AAA /* mvvm-test-1-UnitTests.xctest */ = {isa = PBXFileReference; explicitFileType = wrapper.cfbundle; includeInIndex = 0; path = "mvvm-test-1-UnitTests.xctest"; sourceTree = BUILT_PRODUCTS_DIR; };
		74D30281240CCC33003D8AAA /* FilmMapperTests.swift */ = {isa = PBXFileReference; lastKnownFileType = sourcecode.swift; path = FilmMapperTests.swift; sourceTree = "<group>"; };
		74D30283240CCC33003D8AAA /* Info.plist */ = {isa = PBXFileReference; lastKnownFileType = text.plist.xml; path = Info.plist; sourceTree = "<group>"; };
		74D302B7240D661D003D8AAA /* SWAPIFilmsResponse.json */ = {isa = PBXFileReference; lastKnownFileType = text.json; path = SWAPIFilmsResponse.json; sourceTree = "<group>"; };
		74D302B9240D89D1003D8AAA /* people-1.json */ = {isa = PBXFileReference; lastKnownFileType = text.json; path = "people-1.json"; sourceTree = "<group>"; };
		74D302BD240D8A60003D8AAA /* people-2.json */ = {isa = PBXFileReference; lastKnownFileType = text.json; path = "people-2.json"; sourceTree = "<group>"; };
		74D302BF240D8A96003D8AAA /* people-3.json */ = {isa = PBXFileReference; lastKnownFileType = text.json; path = "people-3.json"; sourceTree = "<group>"; };
		74D302C1240D8AC0003D8AAA /* people-4.json */ = {isa = PBXFileReference; lastKnownFileType = text.json; path = "people-4.json"; sourceTree = "<group>"; };
		74D302C3240D8AE3003D8AAA /* people-5.json */ = {isa = PBXFileReference; lastKnownFileType = text.json; path = "people-5.json"; sourceTree = "<group>"; };
		74D302C5240D8B1E003D8AAA /* people-6.json */ = {isa = PBXFileReference; lastKnownFileType = text.json; path = "people-6.json"; sourceTree = "<group>"; };
		74D302C7240D8B3C003D8AAA /* people-7.json */ = {isa = PBXFileReference; lastKnownFileType = text.json; path = "people-7.json"; sourceTree = "<group>"; };
		74D302C9240D8B69003D8AAA /* people-8.json */ = {isa = PBXFileReference; lastKnownFileType = text.json; path = "people-8.json"; sourceTree = "<group>"; };
		74D302CB240D8B94003D8AAA /* people-9.json */ = {isa = PBXFileReference; lastKnownFileType = text.json; path = "people-9.json"; sourceTree = "<group>"; };
		74D302CD240D8BB7003D8AAA /* people-10.json */ = {isa = PBXFileReference; lastKnownFileType = text.json; path = "people-10.json"; sourceTree = "<group>"; };
		74D302D0240E3E29003D8AAA /* The Empire Strikes Back.json */ = {isa = PBXFileReference; lastKnownFileType = text.json; path = "The Empire Strikes Back.json"; sourceTree = "<group>"; };
		74D302D2240E3E6B003D8AAA /* A New Hope.json */ = {isa = PBXFileReference; lastKnownFileType = text.json; path = "A New Hope.json"; sourceTree = "<group>"; };
		74D302D4240E3E8E003D8AAA /* Return of the Jedi.json */ = {isa = PBXFileReference; lastKnownFileType = text.json; path = "Return of the Jedi.json"; sourceTree = "<group>"; };
		74D302D6240E3EBC003D8AAA /* Attack of the Clones.json */ = {isa = PBXFileReference; lastKnownFileType = text.json; path = "Attack of the Clones.json"; sourceTree = "<group>"; };
		74D302D8240E3ED9003D8AAA /* The Phantom Menace.json */ = {isa = PBXFileReference; lastKnownFileType = text.json; path = "The Phantom Menace.json"; sourceTree = "<group>"; };
		74D302DA240E3F0E003D8AAA /* Revenge of the Sith.json */ = {isa = PBXFileReference; lastKnownFileType = text.json; path = "Revenge of the Sith.json"; sourceTree = "<group>"; };
		74D302DC240E3F3A003D8AAA /* The Force Awakens.json */ = {isa = PBXFileReference; lastKnownFileType = text.json; path = "The Force Awakens.json"; sourceTree = "<group>"; };
		74D302E0240E5702003D8AAA /* URLSessionMocks.swift */ = {isa = PBXFileReference; lastKnownFileType = sourcecode.swift; path = URLSessionMocks.swift; sourceTree = "<group>"; };
		74D302E2240E5804003D8AAA /* String+TestingExtensions.swift */ = {isa = PBXFileReference; lastKnownFileType = sourcecode.swift; path = "String+TestingExtensions.swift"; sourceTree = "<group>"; };
		74D302E4240E5846003D8AAA /* MockHelpers.swift */ = {isa = PBXFileReference; lastKnownFileType = sourcecode.swift; path = MockHelpers.swift; sourceTree = "<group>"; };
		74D302E7240FACD3003D8AAA /* FilmMapperTestingImplementation.swift */ = {isa = PBXFileReference; lastKnownFileType = sourcecode.swift; path = FilmMapperTestingImplementation.swift; sourceTree = "<group>"; };
		74D302E9240FAD25003D8AAA /* FilmCacheInteractorTestingImplementation.swift */ = {isa = PBXFileReference; lastKnownFileType = sourcecode.swift; path = FilmCacheInteractorTestingImplementation.swift; sourceTree = "<group>"; };
		74E0E3152029C297001E7CF9 /* FilmListViewController.swift */ = {isa = PBXFileReference; lastKnownFileType = sourcecode.swift; path = FilmListViewController.swift; sourceTree = "<group>"; };
		74E0E3172029C308001E7CF9 /* FilmDetailViewController.swift */ = {isa = PBXFileReference; lastKnownFileType = sourcecode.swift; path = FilmDetailViewController.swift; sourceTree = "<group>"; };
		882291ADA0DDC8F372CA3A6F /* Pods-mvvm-test-1-UnitTests.release.xcconfig */ = {isa = PBXFileReference; includeInIndex = 1; lastKnownFileType = text.xcconfig; name = "Pods-mvvm-test-1-UnitTests.release.xcconfig"; path = "Target Support Files/Pods-mvvm-test-1-UnitTests/Pods-mvvm-test-1-UnitTests.release.xcconfig"; sourceTree = "<group>"; };
		937061F289B6464A3C81D5F3 /* Pods-mvvm-test-1.release.xcconfig */ = {isa = PBXFileReference; includeInIndex = 1; lastKnownFileType = text.xcconfig; name = "Pods-mvvm-test-1.release.xcconfig"; path = "Target Support Files/Pods-mvvm-test-1/Pods-mvvm-test-1.release.xcconfig"; sourceTree = "<group>"; };
		C033C580C45CDAA43D1DB02E /* Pods-mvvm-test-1.debug.xcconfig */ = {isa = PBXFileReference; includeInIndex = 1; lastKnownFileType = text.xcconfig; name = "Pods-mvvm-test-1.debug.xcconfig"; path = "Target Support Files/Pods-mvvm-test-1/Pods-mvvm-test-1.debug.xcconfig"; sourceTree = "<group>"; };
		E52B60E5D1124D432D9C03D0 /* libPods-mvvm-test-1.a */ = {isa = PBXFileReference; explicitFileType = archive.ar; includeInIndex = 0; path = "libPods-mvvm-test-1.a"; sourceTree = BUILT_PRODUCTS_DIR; };
/* End PBXFileReference section */

/* Begin PBXFrameworksBuildPhase section */
		749743482020B1160046DB63 /* Frameworks */ = {
			isa = PBXFrameworksBuildPhase;
			buildActionMask = 2147483647;
			files = (
				73015244F85B694F7FDC51FB /* libPods-mvvm-test-1.a in Frameworks */,
			);
			runOnlyForDeploymentPostprocessing = 0;
		};
		74D3027C240CCC32003D8AAA /* Frameworks */ = {
			isa = PBXFrameworksBuildPhase;
			buildActionMask = 2147483647;
			files = (
				7B341BA6DAB1269FA7A7BC9F /* libPods-mvvm-test-1-UnitTests.a in Frameworks */,
			);
			runOnlyForDeploymentPostprocessing = 0;
		};
/* End PBXFrameworksBuildPhase section */

/* Begin PBXGroup section */
		4E74C395F3D73C6E3F87F3B8 /* Frameworks */ = {
			isa = PBXGroup;
			children = (
				749F8281241273E600ADD0CA /* Cosmos.framework */,
				E52B60E5D1124D432D9C03D0 /* libPods-mvvm-test-1.a */,
				0E0C7E092DE476F8FE8BC664 /* libPods-mvvm-test-1-UnitTests.a */,
			);
			name = Frameworks;
			sourceTree = "<group>";
		};
		745941AF2409674400919B1D /* FilmCache */ = {
			isa = PBXGroup;
			children = (
				745941B02409677400919B1D /* FilmCacheInteractor.swift */,
			);
			path = FilmCache;
			sourceTree = "<group>";
		};
		7475C4CB2025D1F90073AED7 /* Resources */ = {
			isa = PBXGroup;
			children = (
				7497435A2020B1160046DB63 /* Info.plist */,
				749743552020B1160046DB63 /* Assets.xcassets */,
			);
			name = Resources;
			sourceTree = "<group>";
		};
		749743422020B1160046DB63 = {
			isa = PBXGroup;
			children = (
				7497434D2020B1160046DB63 /* mvvm-test-1 */,
				74D30280240CCC32003D8AAA /* mvvm-test-1-UnitTests */,
				7497434C2020B1160046DB63 /* Products */,
				4E74C395F3D73C6E3F87F3B8 /* Frameworks */,
				AF6AC00474775B9AA99A1166 /* Pods */,
			);
			sourceTree = "<group>";
		};
		7497434C2020B1160046DB63 /* Products */ = {
			isa = PBXGroup;
			children = (
				7497434B2020B1160046DB63 /* mvvm-test-1.app */,
				74D3027F240CCC32003D8AAA /* mvvm-test-1-UnitTests.xctest */,
			);
			name = Products;
			sourceTree = "<group>";
		};
		7497434D2020B1160046DB63 /* mvvm-test-1 */ = {
			isa = PBXGroup;
			children = (
				7497434E2020B1160046DB63 /* AppDelegate.swift */,
				749743572020B1160046DB63 /* LaunchScreen.storyboard */,
				749743522020B1160046DB63 /* Main.storyboard */,
				74B631472408DFDC0057D098 /* SplashScreen */,
				74B631462408DFA90057D098 /* FilmList */,
				74B631452408DF180057D098 /* FilmDetail */,
				74B631422408DEA80057D098 /* Models */,
				74B631442408DEFC0057D098 /* Networking */,
				745941AF2409674400919B1D /* FilmCache */,
				74B631432408DED10057D098 /* Extensions */,
				7475C4CB2025D1F90073AED7 /* Resources */,
			);
			path = "mvvm-test-1";
			sourceTree = "<group>";
		};
		749F82792412481700ADD0CA /* TestingExtensions */ = {
			isa = PBXGroup;
			children = (
				74D302E2240E5804003D8AAA /* String+TestingExtensions.swift */,
				749F8273240FB5C500ADD0CA /* SplashScreenViewController+TestingExtensions.swift */,
			);
			path = TestingExtensions;
			sourceTree = "<group>";
		};
		749F827A2412483600ADD0CA /* MockObjects */ = {
			isa = PBXGroup;
			children = (
				74D302E4240E5846003D8AAA /* MockHelpers.swift */,
				749F827724123B4500ADD0CA /* FilmMocks.swift */,
				74D302E0240E5702003D8AAA /* URLSessionMocks.swift */,
			);
			path = MockObjects;
			sourceTree = "<group>";
		};
		74B631422408DEA80057D098 /* Models */ = {
			isa = PBXGroup;
			children = (
				7475C4D0202608000073AED7 /* Film.swift */,
				745941AB2409419F00919B1D /* TMDBSearchResponse.swift */,
				745941AD240941F000919B1D /* SWAPIResponse.swift */,
			);
			path = Models;
			sourceTree = "<group>";
		};
		74B631432408DED10057D098 /* Extensions */ = {
			isa = PBXGroup;
			children = (
				7475C4CE2025F4E20073AED7 /* UIView+Animations.swift */,
			);
			path = Extensions;
			sourceTree = "<group>";
		};
		74B631442408DEFC0057D098 /* Networking */ = {
			isa = PBXGroup;
			children = (
				74974363202101510046DB63 /* SWAPIClient.swift */,
			);
			path = Networking;
			sourceTree = "<group>";
		};
		74B631452408DF180057D098 /* FilmDetail */ = {
			isa = PBXGroup;
			children = (
				74E0E3172029C308001E7CF9 /* FilmDetailViewController.swift */,
				74C26A6C202B5778000DEF7E /* FilmDetailViewModel.swift */,
			);
			path = FilmDetail;
			sourceTree = "<group>";
		};
		74B631462408DFA90057D098 /* FilmList */ = {
			isa = PBXGroup;
			children = (
				74E0E3152029C297001E7CF9 /* FilmListViewController.swift */,
				74C26A65202A650D000DEF7E /* FilmListViewModel.swift */,
				74C26A72202C4872000DEF7E /* FilmCell.swift */,
			);
			path = FilmList;
			sourceTree = "<group>";
		};
		74B631472408DFDC0057D098 /* SplashScreen */ = {
			isa = PBXGroup;
			children = (
				749743502020B1160046DB63 /* SplashScreenViewController.swift */,
				74C26A6E202B57F1000DEF7E /* FilmService.swift */,
			);
			path = SplashScreen;
			sourceTree = "<group>";
		};
		74D30280240CCC32003D8AAA /* mvvm-test-1-UnitTests */ = {
			isa = PBXGroup;
			children = (
				74D30281240CCC33003D8AAA /* FilmMapperTests.swift */,
				749F827524122F4000ADD0CA /* FilmListViewModelTests.swift */,
				749F827B2412491000ADD0CA /* FilmDetailViewModelTests.swift */,
				749F827F24125F6900ADD0CA /* FilmCellTests.swift */,
				749F827A2412483600ADD0CA /* MockObjects */,
				749F82792412481700ADD0CA /* TestingExtensions */,
				74D302E6240FAC96003D8AAA /* TestingImplementations */,
				74D302BB240D8A1F003D8AAA /* MockResponses */,
				74D30283240CCC33003D8AAA /* Info.plist */,
			);
			path = "mvvm-test-1-UnitTests";
			sourceTree = "<group>";
		};
		74D302BB240D8A1F003D8AAA /* MockResponses */ = {
			isa = PBXGroup;
			children = (
				74D302B7240D661D003D8AAA /* SWAPIFilmsResponse.json */,
				74D302CF240E3DC3003D8AAA /* FilmSearch */,
				74D302BC240D8A2C003D8AAA /* Characters */,
			);
			path = MockResponses;
			sourceTree = "<group>";
		};
		74D302BC240D8A2C003D8AAA /* Characters */ = {
			isa = PBXGroup;
			children = (
				74D302B9240D89D1003D8AAA /* people-1.json */,
				74D302BD240D8A60003D8AAA /* people-2.json */,
				74D302BF240D8A96003D8AAA /* people-3.json */,
				74D302C1240D8AC0003D8AAA /* people-4.json */,
				74D302C3240D8AE3003D8AAA /* people-5.json */,
				74D302C5240D8B1E003D8AAA /* people-6.json */,
				74D302C7240D8B3C003D8AAA /* people-7.json */,
				74D302C9240D8B69003D8AAA /* people-8.json */,
				74D302CB240D8B94003D8AAA /* people-9.json */,
				74D302CD240D8BB7003D8AAA /* people-10.json */,
			);
			path = Characters;
			sourceTree = "<group>";
		};
		74D302CF240E3DC3003D8AAA /* FilmSearch */ = {
			isa = PBXGroup;
			children = (
				74D302D0240E3E29003D8AAA /* The Empire Strikes Back.json */,
				74D302D2240E3E6B003D8AAA /* A New Hope.json */,
				74D302D4240E3E8E003D8AAA /* Return of the Jedi.json */,
				74D302D6240E3EBC003D8AAA /* Attack of the Clones.json */,
				74D302D8240E3ED9003D8AAA /* The Phantom Menace.json */,
				74D302DA240E3F0E003D8AAA /* Revenge of the Sith.json */,
				74D302DC240E3F3A003D8AAA /* The Force Awakens.json */,
			);
			path = FilmSearch;
			sourceTree = "<group>";
		};
		74D302E6240FAC96003D8AAA /* TestingImplementations */ = {
			isa = PBXGroup;
			children = (
				74D302E7240FACD3003D8AAA /* FilmMapperTestingImplementation.swift */,
				74D302E9240FAD25003D8AAA /* FilmCacheInteractorTestingImplementation.swift */,
			);
			path = TestingImplementations;
			sourceTree = "<group>";
		};
		AF6AC00474775B9AA99A1166 /* Pods */ = {
			isa = PBXGroup;
			children = (
				C033C580C45CDAA43D1DB02E /* Pods-mvvm-test-1.debug.xcconfig */,
				937061F289B6464A3C81D5F3 /* Pods-mvvm-test-1.release.xcconfig */,
				106152E48A450C1984DF4125 /* Pods-mvvm-test-1-UnitTests.debug.xcconfig */,
				882291ADA0DDC8F372CA3A6F /* Pods-mvvm-test-1-UnitTests.release.xcconfig */,
			);
			path = Pods;
			sourceTree = "<group>";
		};
/* End PBXGroup section */

/* Begin PBXNativeTarget section */
		7497434A2020B1160046DB63 /* mvvm-test-1 */ = {
			isa = PBXNativeTarget;
			buildConfigurationList = 7497435D2020B1160046DB63 /* Build configuration list for PBXNativeTarget "mvvm-test-1" */;
			buildPhases = (
				2BE92A016720083BF9FD40F3 /* [CP] Check Pods Manifest.lock */,
				749743472020B1160046DB63 /* Sources */,
				749743482020B1160046DB63 /* Frameworks */,
				749743492020B1160046DB63 /* Resources */,
				749F828A241275BE00ADD0CA /* Embed Frameworks */,
				1801C3A2813D07A1AA667AB3 /* [CP] Copy Pods Resources */,
			);
			buildRules = (
			);
			dependencies = (
			);
			name = "mvvm-test-1";
			productName = "mvvm-test-1";
			productReference = 7497434B2020B1160046DB63 /* mvvm-test-1.app */;
			productType = "com.apple.product-type.application";
		};
		74D3027E240CCC32003D8AAA /* mvvm-test-1-UnitTests */ = {
			isa = PBXNativeTarget;
			buildConfigurationList = 74D30288240CCC33003D8AAA /* Build configuration list for PBXNativeTarget "mvvm-test-1-UnitTests" */;
			buildPhases = (
				A4E081637029D81B1476B360 /* [CP] Check Pods Manifest.lock */,
				74D3027B240CCC32003D8AAA /* Sources */,
				74D3027C240CCC32003D8AAA /* Frameworks */,
				74D3027D240CCC32003D8AAA /* Resources */,
				D1EB3DF359F9C2970D5B15A9 /* [CP] Copy Pods Resources */,
			);
			buildRules = (
			);
			dependencies = (
				74D30285240CCC33003D8AAA /* PBXTargetDependency */,
			);
			name = "mvvm-test-1-UnitTests";
			productName = "mvvm-test-1-UnitTests";
			productReference = 74D3027F240CCC32003D8AAA /* mvvm-test-1-UnitTests.xctest */;
			productType = "com.apple.product-type.bundle.unit-test";
		};
/* End PBXNativeTarget section */

/* Begin PBXProject section */
		749743432020B1160046DB63 /* Project object */ = {
			isa = PBXProject;
			attributes = {
				LastSwiftUpdateCheck = 1130;
				LastUpgradeCheck = 1130;
				ORGANIZATIONNAME = NRTJ;
				TargetAttributes = {
					7497434A2020B1160046DB63 = {
						CreatedOnToolsVersion = 9.1;
						LastSwiftMigration = 1130;
						ProvisioningStyle = Automatic;
					};
					74D3027E240CCC32003D8AAA = {
						CreatedOnToolsVersion = 11.3.1;
						ProvisioningStyle = Automatic;
						TestTargetID = 7497434A2020B1160046DB63;
					};
				};
			};
			buildConfigurationList = 749743462020B1160046DB63 /* Build configuration list for PBXProject "mvvm-test-1" */;
			compatibilityVersion = "Xcode 8.0";
			developmentRegion = en;
			hasScannedForEncodings = 0;
			knownRegions = (
				en,
				Base,
			);
			mainGroup = 749743422020B1160046DB63;
			productRefGroup = 7497434C2020B1160046DB63 /* Products */;
			projectDirPath = "";
			projectRoot = "";
			targets = (
				7497434A2020B1160046DB63 /* mvvm-test-1 */,
				74D3027E240CCC32003D8AAA /* mvvm-test-1-UnitTests */,
			);
		};
/* End PBXProject section */

/* Begin PBXResourcesBuildPhase section */
		749743492020B1160046DB63 /* Resources */ = {
			isa = PBXResourcesBuildPhase;
			buildActionMask = 2147483647;
			files = (
				749743592020B1160046DB63 /* LaunchScreen.storyboard in Resources */,
				749743562020B1160046DB63 /* Assets.xcassets in Resources */,
				749743542020B1160046DB63 /* Main.storyboard in Resources */,
			);
			runOnlyForDeploymentPostprocessing = 0;
		};
		74D3027D240CCC32003D8AAA /* Resources */ = {
			isa = PBXResourcesBuildPhase;
			buildActionMask = 2147483647;
			files = (
				74D302D3240E3E6B003D8AAA /* A New Hope.json in Resources */,
				74D302D9240E3ED9003D8AAA /* The Phantom Menace.json in Resources */,
				74D302DD240E3F3A003D8AAA /* The Force Awakens.json in Resources */,
				74D302BA240D89D1003D8AAA /* people-1.json in Resources */,
				74D302DB240E3F0E003D8AAA /* Revenge of the Sith.json in Resources */,
				74D302C2240D8AC0003D8AAA /* people-4.json in Resources */,
				74D302D1240E3E29003D8AAA /* The Empire Strikes Back.json in Resources */,
				74D302C4240D8AE3003D8AAA /* people-5.json in Resources */,
				74D302C6240D8B1E003D8AAA /* people-6.json in Resources */,
				74D302D5240E3E8E003D8AAA /* Return of the Jedi.json in Resources */,
				74D302B8240D661D003D8AAA /* SWAPIFilmsResponse.json in Resources */,
				74D302CA240D8B69003D8AAA /* people-8.json in Resources */,
				74D302CE240D8BB7003D8AAA /* people-10.json in Resources */,
				74D302D7240E3EBC003D8AAA /* Attack of the Clones.json in Resources */,
				74D302CC240D8B94003D8AAA /* people-9.json in Resources */,
				74D302C0240D8A96003D8AAA /* people-3.json in Resources */,
				74D302C8240D8B3C003D8AAA /* people-7.json in Resources */,
				74D302BE240D8A60003D8AAA /* people-2.json in Resources */,
			);
			runOnlyForDeploymentPostprocessing = 0;
		};
/* End PBXResourcesBuildPhase section */

/* Begin PBXShellScriptBuildPhase section */
		1801C3A2813D07A1AA667AB3 /* [CP] Copy Pods Resources */ = {
			isa = PBXShellScriptBuildPhase;
			buildActionMask = 2147483647;
			files = (
			);
			inputPaths = (
				"${PODS_ROOT}/Target Support Files/Pods-mvvm-test-1/Pods-mvvm-test-1-resources.sh",
				"${PODS_ROOT}/StarWarsTextView/Library/NewsGothicStd-Bold.otf",
			);
			name = "[CP] Copy Pods Resources";
			outputPaths = (
				"${TARGET_BUILD_DIR}/${UNLOCALIZED_RESOURCES_FOLDER_PATH}/NewsGothicStd-Bold.otf",
			);
			runOnlyForDeploymentPostprocessing = 0;
			shellPath = /bin/sh;
			shellScript = "\"${PODS_ROOT}/Target Support Files/Pods-mvvm-test-1/Pods-mvvm-test-1-resources.sh\"\n";
			showEnvVarsInLog = 0;
		};
		2BE92A016720083BF9FD40F3 /* [CP] Check Pods Manifest.lock */ = {
			isa = PBXShellScriptBuildPhase;
			buildActionMask = 2147483647;
			files = (
			);
			inputFileListPaths = (
			);
			inputPaths = (
				"${PODS_PODFILE_DIR_PATH}/Podfile.lock",
				"${PODS_ROOT}/Manifest.lock",
			);
			name = "[CP] Check Pods Manifest.lock";
			outputFileListPaths = (
			);
			outputPaths = (
				"$(DERIVED_FILE_DIR)/Pods-mvvm-test-1-checkManifestLockResult.txt",
			);
			runOnlyForDeploymentPostprocessing = 0;
			shellPath = /bin/sh;
			shellScript = "diff \"${PODS_PODFILE_DIR_PATH}/Podfile.lock\" \"${PODS_ROOT}/Manifest.lock\" > /dev/null\nif [ $? != 0 ] ; then\n    # print error to STDERR\n    echo \"error: The sandbox is not in sync with the Podfile.lock. Run 'pod install' or update your CocoaPods installation.\" >&2\n    exit 1\nfi\n# This output is used by Xcode 'outputs' to avoid re-running this script phase.\necho \"SUCCESS\" > \"${SCRIPT_OUTPUT_FILE_0}\"\n";
			showEnvVarsInLog = 0;
		};
		A4E081637029D81B1476B360 /* [CP] Check Pods Manifest.lock */ = {
			isa = PBXShellScriptBuildPhase;
			buildActionMask = 2147483647;
			files = (
			);
			inputFileListPaths = (
			);
			inputPaths = (
				"${PODS_PODFILE_DIR_PATH}/Podfile.lock",
				"${PODS_ROOT}/Manifest.lock",
			);
			name = "[CP] Check Pods Manifest.lock";
			outputFileListPaths = (
			);
			outputPaths = (
				"$(DERIVED_FILE_DIR)/Pods-mvvm-test-1-UnitTests-checkManifestLockResult.txt",
			);
			runOnlyForDeploymentPostprocessing = 0;
			shellPath = /bin/sh;
			shellScript = "diff \"${PODS_PODFILE_DIR_PATH}/Podfile.lock\" \"${PODS_ROOT}/Manifest.lock\" > /dev/null\nif [ $? != 0 ] ; then\n    # print error to STDERR\n    echo \"error: The sandbox is not in sync with the Podfile.lock. Run 'pod install' or update your CocoaPods installation.\" >&2\n    exit 1\nfi\n# This output is used by Xcode 'outputs' to avoid re-running this script phase.\necho \"SUCCESS\" > \"${SCRIPT_OUTPUT_FILE_0}\"\n";
			showEnvVarsInLog = 0;
		};
		D1EB3DF359F9C2970D5B15A9 /* [CP] Copy Pods Resources */ = {
			isa = PBXShellScriptBuildPhase;
			buildActionMask = 2147483647;
			files = (
			);
			inputPaths = (
				"${PODS_ROOT}/Target Support Files/Pods-mvvm-test-1-UnitTests/Pods-mvvm-test-1-UnitTests-resources.sh",
				"${PODS_ROOT}/StarWarsTextView/Library/NewsGothicStd-Bold.otf",
			);
			name = "[CP] Copy Pods Resources";
			outputPaths = (
				"${TARGET_BUILD_DIR}/${UNLOCALIZED_RESOURCES_FOLDER_PATH}/NewsGothicStd-Bold.otf",
			);
			runOnlyForDeploymentPostprocessing = 0;
			shellPath = /bin/sh;
			shellScript = "\"${PODS_ROOT}/Target Support Files/Pods-mvvm-test-1-UnitTests/Pods-mvvm-test-1-UnitTests-resources.sh\"\n";
			showEnvVarsInLog = 0;
		};
/* End PBXShellScriptBuildPhase section */

/* Begin PBXSourcesBuildPhase section */
		749743472020B1160046DB63 /* Sources */ = {
			isa = PBXSourcesBuildPhase;
			buildActionMask = 2147483647;
			files = (
				74C26A66202A650D000DEF7E /* FilmListViewModel.swift in Sources */,
				74E0E3182029C308001E7CF9 /* FilmDetailViewController.swift in Sources */,
				74C26A6D202B5778000DEF7E /* FilmDetailViewModel.swift in Sources */,
				7475C4D1202608000073AED7 /* Film.swift in Sources */,
				74C26A6F202B57F1000DEF7E /* FilmService.swift in Sources */,
				74C26A73202C4872000DEF7E /* FilmCell.swift in Sources */,
				74E0E3162029C297001E7CF9 /* FilmListViewController.swift in Sources */,
				745941AC240941A000919B1D /* TMDBSearchResponse.swift in Sources */,
				7475C4CF2025F4E20073AED7 /* UIView+Animations.swift in Sources */,
				749743512020B1160046DB63 /* SplashScreenViewController.swift in Sources */,
				745941B12409677400919B1D /* FilmCacheInteractor.swift in Sources */,
				745941AE240941F000919B1D /* SWAPIResponse.swift in Sources */,
				74974364202101510046DB63 /* SWAPIClient.swift in Sources */,
				7497434F2020B1160046DB63 /* AppDelegate.swift in Sources */,
			);
			runOnlyForDeploymentPostprocessing = 0;
		};
		74D3027B240CCC32003D8AAA /* Sources */ = {
			isa = PBXSourcesBuildPhase;
			buildActionMask = 2147483647;
			files = (
				74D302E5240E5846003D8AAA /* MockHelpers.swift in Sources */,
				74D302E1240E5702003D8AAA /* URLSessionMocks.swift in Sources */,
				749F827624122F4000ADD0CA /* FilmListViewModelTests.swift in Sources */,
				74D302E8240FACD4003D8AAA /* FilmMapperTestingImplementation.swift in Sources */,
				74D302E3240E5804003D8AAA /* String+TestingExtensions.swift in Sources */,
				749F827C2412491000ADD0CA /* FilmDetailViewModelTests.swift in Sources */,
				749F827824123B4500ADD0CA /* FilmMocks.swift in Sources */,
				74D302EA240FAD25003D8AAA /* FilmCacheInteractorTestingImplementation.swift in Sources */,
				749F828024125F6900ADD0CA /* FilmCellTests.swift in Sources */,
				749F8274240FB5C500ADD0CA /* SplashScreenViewController+TestingExtensions.swift in Sources */,
				74D30282240CCC33003D8AAA /* FilmMapperTests.swift in Sources */,
			);
			runOnlyForDeploymentPostprocessing = 0;
		};
/* End PBXSourcesBuildPhase section */

/* Begin PBXTargetDependency section */
		74D30285240CCC33003D8AAA /* PBXTargetDependency */ = {
			isa = PBXTargetDependency;
			target = 7497434A2020B1160046DB63 /* mvvm-test-1 */;
			targetProxy = 74D30284240CCC33003D8AAA /* PBXContainerItemProxy */;
		};
/* End PBXTargetDependency section */

/* Begin PBXVariantGroup section */
		749743522020B1160046DB63 /* Main.storyboard */ = {
			isa = PBXVariantGroup;
			children = (
				749743532020B1160046DB63 /* Base */,
			);
			name = Main.storyboard;
			sourceTree = "<group>";
		};
		749743572020B1160046DB63 /* LaunchScreen.storyboard */ = {
			isa = PBXVariantGroup;
			children = (
				749743582020B1160046DB63 /* Base */,
			);
			name = LaunchScreen.storyboard;
			sourceTree = "<group>";
		};
/* End PBXVariantGroup section */

/* Begin XCBuildConfiguration section */
		7497435B2020B1160046DB63 /* Debug */ = {
			isa = XCBuildConfiguration;
			buildSettings = {
				ALWAYS_EMBED_SWIFT_STANDARD_LIBRARIES = YES;
				ALWAYS_SEARCH_USER_PATHS = NO;
				CLANG_ANALYZER_NONNULL = YES;
				CLANG_ANALYZER_NUMBER_OBJECT_CONVERSION = YES_AGGRESSIVE;
				CLANG_CXX_LANGUAGE_STANDARD = "gnu++14";
				CLANG_CXX_LIBRARY = "libc++";
				CLANG_ENABLE_MODULES = YES;
				CLANG_ENABLE_OBJC_ARC = YES;
				CLANG_WARN_BLOCK_CAPTURE_AUTORELEASING = YES;
				CLANG_WARN_BOOL_CONVERSION = YES;
				CLANG_WARN_COMMA = YES;
				CLANG_WARN_CONSTANT_CONVERSION = YES;
				CLANG_WARN_DEPRECATED_OBJC_IMPLEMENTATIONS = YES;
				CLANG_WARN_DIRECT_OBJC_ISA_USAGE = YES_ERROR;
				CLANG_WARN_DOCUMENTATION_COMMENTS = YES;
				CLANG_WARN_EMPTY_BODY = YES;
				CLANG_WARN_ENUM_CONVERSION = YES;
				CLANG_WARN_INFINITE_RECURSION = YES;
				CLANG_WARN_INT_CONVERSION = YES;
				CLANG_WARN_NON_LITERAL_NULL_CONVERSION = YES;
				CLANG_WARN_OBJC_IMPLICIT_RETAIN_SELF = YES;
				CLANG_WARN_OBJC_LITERAL_CONVERSION = YES;
				CLANG_WARN_OBJC_ROOT_CLASS = YES_ERROR;
				CLANG_WARN_RANGE_LOOP_ANALYSIS = YES;
				CLANG_WARN_STRICT_PROTOTYPES = YES;
				CLANG_WARN_SUSPICIOUS_MOVE = YES;
				CLANG_WARN_UNGUARDED_AVAILABILITY = YES_AGGRESSIVE;
				CLANG_WARN_UNREACHABLE_CODE = YES;
				CLANG_WARN__DUPLICATE_METHOD_MATCH = YES;
				CODE_SIGN_IDENTITY = "iPhone Developer";
				COPY_PHASE_STRIP = NO;
				DEBUG_INFORMATION_FORMAT = dwarf;
				ENABLE_STRICT_OBJC_MSGSEND = YES;
				ENABLE_TESTABILITY = YES;
				GCC_C_LANGUAGE_STANDARD = gnu11;
				GCC_DYNAMIC_NO_PIC = NO;
				GCC_NO_COMMON_BLOCKS = YES;
				GCC_OPTIMIZATION_LEVEL = 0;
				GCC_PREPROCESSOR_DEFINITIONS = (
					"DEBUG=1",
					"$(inherited)",
				);
				GCC_WARN_64_TO_32_BIT_CONVERSION = YES;
				GCC_WARN_ABOUT_RETURN_TYPE = YES_ERROR;
				GCC_WARN_UNDECLARED_SELECTOR = YES;
				GCC_WARN_UNINITIALIZED_AUTOS = YES_AGGRESSIVE;
				GCC_WARN_UNUSED_FUNCTION = YES;
				GCC_WARN_UNUSED_VARIABLE = YES;
				IPHONEOS_DEPLOYMENT_TARGET = 11.0;
				MTL_ENABLE_DEBUG_INFO = YES;
				ONLY_ACTIVE_ARCH = YES;
				SDKROOT = iphoneos;
				SWIFT_ACTIVE_COMPILATION_CONDITIONS = DEBUG;
				SWIFT_OPTIMIZATION_LEVEL = "-Onone";
			};
			name = Debug;
		};
		7497435C2020B1160046DB63 /* Release */ = {
			isa = XCBuildConfiguration;
			buildSettings = {
				ALWAYS_EMBED_SWIFT_STANDARD_LIBRARIES = YES;
				ALWAYS_SEARCH_USER_PATHS = NO;
				CLANG_ANALYZER_NONNULL = YES;
				CLANG_ANALYZER_NUMBER_OBJECT_CONVERSION = YES_AGGRESSIVE;
				CLANG_CXX_LANGUAGE_STANDARD = "gnu++14";
				CLANG_CXX_LIBRARY = "libc++";
				CLANG_ENABLE_MODULES = YES;
				CLANG_ENABLE_OBJC_ARC = YES;
				CLANG_WARN_BLOCK_CAPTURE_AUTORELEASING = YES;
				CLANG_WARN_BOOL_CONVERSION = YES;
				CLANG_WARN_COMMA = YES;
				CLANG_WARN_CONSTANT_CONVERSION = YES;
				CLANG_WARN_DEPRECATED_OBJC_IMPLEMENTATIONS = YES;
				CLANG_WARN_DIRECT_OBJC_ISA_USAGE = YES_ERROR;
				CLANG_WARN_DOCUMENTATION_COMMENTS = YES;
				CLANG_WARN_EMPTY_BODY = YES;
				CLANG_WARN_ENUM_CONVERSION = YES;
				CLANG_WARN_INFINITE_RECURSION = YES;
				CLANG_WARN_INT_CONVERSION = YES;
				CLANG_WARN_NON_LITERAL_NULL_CONVERSION = YES;
				CLANG_WARN_OBJC_IMPLICIT_RETAIN_SELF = YES;
				CLANG_WARN_OBJC_LITERAL_CONVERSION = YES;
				CLANG_WARN_OBJC_ROOT_CLASS = YES_ERROR;
				CLANG_WARN_RANGE_LOOP_ANALYSIS = YES;
				CLANG_WARN_STRICT_PROTOTYPES = YES;
				CLANG_WARN_SUSPICIOUS_MOVE = YES;
				CLANG_WARN_UNGUARDED_AVAILABILITY = YES_AGGRESSIVE;
				CLANG_WARN_UNREACHABLE_CODE = YES;
				CLANG_WARN__DUPLICATE_METHOD_MATCH = YES;
				CODE_SIGN_IDENTITY = "iPhone Developer";
				COPY_PHASE_STRIP = NO;
				DEBUG_INFORMATION_FORMAT = "dwarf-with-dsym";
				ENABLE_NS_ASSERTIONS = NO;
				ENABLE_STRICT_OBJC_MSGSEND = YES;
				GCC_C_LANGUAGE_STANDARD = gnu11;
				GCC_NO_COMMON_BLOCKS = YES;
				GCC_WARN_64_TO_32_BIT_CONVERSION = YES;
				GCC_WARN_ABOUT_RETURN_TYPE = YES_ERROR;
				GCC_WARN_UNDECLARED_SELECTOR = YES;
				GCC_WARN_UNINITIALIZED_AUTOS = YES_AGGRESSIVE;
				GCC_WARN_UNUSED_FUNCTION = YES;
				GCC_WARN_UNUSED_VARIABLE = YES;
				IPHONEOS_DEPLOYMENT_TARGET = 11.0;
				MTL_ENABLE_DEBUG_INFO = NO;
				SDKROOT = iphoneos;
				SWIFT_OPTIMIZATION_LEVEL = "-Owholemodule";
				VALIDATE_PRODUCT = YES;
			};
			name = Release;
		};
		7497435E2020B1160046DB63 /* Debug */ = {
			isa = XCBuildConfiguration;
			baseConfigurationReference = C033C580C45CDAA43D1DB02E /* Pods-mvvm-test-1.debug.xcconfig */;
			buildSettings = {
				ASSETCATALOG_COMPILER_APPICON_NAME = AppIcon;
				CODE_SIGN_STYLE = Automatic;
				DEVELOPMENT_TEAM = TS48THZ29N;
				INFOPLIST_FILE = "mvvm-test-1/Info.plist";
				IPHONEOS_DEPLOYMENT_TARGET = 14.0;
				LD_RUNPATH_SEARCH_PATHS = "$(inherited) @executable_path/Frameworks";
				PRODUCT_BUNDLE_IDENTIFIER = "com.mvvm-test-1";
				PRODUCT_NAME = "$(TARGET_NAME)";
				SWIFT_VERSION = 5.0;
				TARGETED_DEVICE_FAMILY = 1;
			};
			name = Debug;
		};
		7497435F2020B1160046DB63 /* Release */ = {
			isa = XCBuildConfiguration;
			baseConfigurationReference = 937061F289B6464A3C81D5F3 /* Pods-mvvm-test-1.release.xcconfig */;
			buildSettings = {
				ASSETCATALOG_COMPILER_APPICON_NAME = AppIcon;
				CODE_SIGN_STYLE = Automatic;
				DEVELOPMENT_TEAM = TS48THZ29N;
				INFOPLIST_FILE = "mvvm-test-1/Info.plist";
				IPHONEOS_DEPLOYMENT_TARGET = 14.0;
				LD_RUNPATH_SEARCH_PATHS = "$(inherited) @executable_path/Frameworks";
				PRODUCT_BUNDLE_IDENTIFIER = "com.mvvm-test-1";
				PRODUCT_NAME = "$(TARGET_NAME)";
				SWIFT_VERSION = 5.0;
				TARGETED_DEVICE_FAMILY = 1;
			};
			name = Release;
		};
		74D30286240CCC33003D8AAA /* Debug */ = {
			isa = XCBuildConfiguration;
			baseConfigurationReference = 106152E48A450C1984DF4125 /* Pods-mvvm-test-1-UnitTests.debug.xcconfig */;
			buildSettings = {
				BUNDLE_LOADER = "$(TEST_HOST)";
				CLANG_ENABLE_OBJC_WEAK = YES;
				CODE_SIGN_STYLE = Automatic;
				DEVELOPMENT_TEAM = TS48THZ29N;
				INFOPLIST_FILE = "mvvm-test-1-UnitTests/Info.plist";
				IPHONEOS_DEPLOYMENT_TARGET = 13.2;
				LD_RUNPATH_SEARCH_PATHS = "$(inherited) @executable_path/Frameworks @loader_path/Frameworks";
				MTL_ENABLE_DEBUG_INFO = INCLUDE_SOURCE;
				MTL_FAST_MATH = YES;
				PRODUCT_BUNDLE_IDENTIFIER = "com.mvvm-test-1-UnitTests";
				PRODUCT_NAME = "$(TARGET_NAME)";
				SWIFT_VERSION = 5.0;
				TARGETED_DEVICE_FAMILY = "1,2";
				TEST_HOST = "$(BUILT_PRODUCTS_DIR)/mvvm-test-1.app/mvvm-test-1";
			};
			name = Debug;
		};
		74D30287240CCC33003D8AAA /* Release */ = {
			isa = XCBuildConfiguration;
			baseConfigurationReference = 882291ADA0DDC8F372CA3A6F /* Pods-mvvm-test-1-UnitTests.release.xcconfig */;
			buildSettings = {
				BUNDLE_LOADER = "$(TEST_HOST)";
				CLANG_ENABLE_OBJC_WEAK = YES;
				CODE_SIGN_STYLE = Automatic;
				DEVELOPMENT_TEAM = TS48THZ29N;
				INFOPLIST_FILE = "mvvm-test-1-UnitTests/Info.plist";
				IPHONEOS_DEPLOYMENT_TARGET = 13.2;
				LD_RUNPATH_SEARCH_PATHS = "$(inherited) @executable_path/Frameworks @loader_path/Frameworks";
				MTL_FAST_MATH = YES;
				PRODUCT_BUNDLE_IDENTIFIER = "com.mvvm-test-1-UnitTests";
				PRODUCT_NAME = "$(TARGET_NAME)";
				SWIFT_VERSION = 5.0;
				TARGETED_DEVICE_FAMILY = "1,2";
				TEST_HOST = "$(BUILT_PRODUCTS_DIR)/mvvm-test-1.app/mvvm-test-1";
			};
			name = Release;
		};
/* End XCBuildConfiguration section */

/* Begin XCConfigurationList section */
		749743462020B1160046DB63 /* Build configuration list for PBXProject "mvvm-test-1" */ = {
			isa = XCConfigurationList;
			buildConfigurations = (
				7497435B2020B1160046DB63 /* Debug */,
				7497435C2020B1160046DB63 /* Release */,
			);
			defaultConfigurationIsVisible = 0;
			defaultConfigurationName = Release;
		};
		7497435D2020B1160046DB63 /* Build configuration list for PBXNativeTarget "mvvm-test-1" */ = {
			isa = XCConfigurationList;
			buildConfigurations = (
				7497435E2020B1160046DB63 /* Debug */,
				7497435F2020B1160046DB63 /* Release */,
			);
			defaultConfigurationIsVisible = 0;
			defaultConfigurationName = Release;
		};
		74D30288240CCC33003D8AAA /* Build configuration list for PBXNativeTarget "mvvm-test-1-UnitTests" */ = {
			isa = XCConfigurationList;
			buildConfigurations = (
				74D30286240CCC33003D8AAA /* Debug */,
				74D30287240CCC33003D8AAA /* Release */,
			);
			defaultConfigurationIsVisible = 0;
			defaultConfigurationName = Release;
		};
/* End XCConfigurationList section */
	};
	rootObject = 749743432020B1160046DB63 /* Project object */;
}
